
Microsoft Visual Studio Solution File, Format Version 12.00
# Visual Studio Version 16
VisualStudioVersion = 16.0.31205.134
MinimumVisualStudioVersion = 10.0.40219.1
Project("{9A19103F-16F7-4668-BE54-9A1E7A4F7556}") = "Laborator1", "Laborator1\Laborator1.csproj", "{5C93AA20-82CA-4184-8640-2104947BF2C5}"
EndProject
Project("{FAE04EC0-301F-11D3-BF4B-00C04F79EFBC}") = "TestingExpenses", "TestingExpenses\TestingExpenses.csproj", "{A0E5CD3B-CE1A-4561-9136-5683FBFACF64}"
EndProject
Global
	GlobalSection(SolutionConfigurationPlatforms) = preSolution
		Debug|Any CPU = Debug|Any CPU
		Release|Any CPU = Release|Any CPU
	EndGlobalSection
	GlobalSection(ProjectConfigurationPlatforms) = postSolution
		{5C93AA20-82CA-4184-8640-2104947BF2C5}.Debug|Any CPU.ActiveCfg = Debug|Any CPU
		{5C93AA20-82CA-4184-8640-2104947BF2C5}.Debug|Any CPU.Build.0 = Debug|Any CPU
		{5C93AA20-82CA-4184-8640-2104947BF2C5}.Release|Any CPU.ActiveCfg = Release|Any CPU
		{5C93AA20-82CA-4184-8640-2104947BF2C5}.Release|Any CPU.Build.0 = Release|Any CPU
		{A0E5CD3B-CE1A-4561-9136-5683FBFACF64}.Debug|Any CPU.ActiveCfg = Debug|Any CPU
		{A0E5CD3B-CE1A-4561-9136-5683FBFACF64}.Debug|Any CPU.Build.0 = Debug|Any CPU
		{A0E5CD3B-CE1A-4561-9136-5683FBFACF64}.Release|Any CPU.ActiveCfg = Release|Any CPU
		{A0E5CD3B-CE1A-4561-9136-5683FBFACF64}.Release|Any CPU.Build.0 = Release|Any CPU
	EndGlobalSection
	GlobalSection(SolutionProperties) = preSolution
		HideSolutionNode = FALSE
	EndGlobalSection
	GlobalSection(ExtensibilityGlobals) = postSolution
		SolutionGuid = {CD235071-7233-4F15-9FCA-599BDA3CD171}
	EndGlobalSection
EndGlobal
